// !$*UTF8*$!
{
	archiveVersion = 1;
	classes = {
	};
	objectVersion = 50;
	objects = {

/* Begin PBXBuildFile section */
		AE91920521E0DA1B00E1950D /* AppDelegate.swift in Sources */ = {isa = PBXBuildFile; fileRef = AE91920421E0DA1B00E1950D /* AppDelegate.swift */; };
		AE91920721E0DA1B00E1950D /* ViewController.swift in Sources */ = {isa = PBXBuildFile; fileRef = AE91920621E0DA1B00E1950D /* ViewController.swift */; };
		AE91920A21E0DA1B00E1950D /* Main.storyboard in Resources */ = {isa = PBXBuildFile; fileRef = AE91920821E0DA1B00E1950D /* Main.storyboard */; };
		AE91920C21E0DA1D00E1950D /* Assets.xcassets in Resources */ = {isa = PBXBuildFile; fileRef = AE91920B21E0DA1D00E1950D /* Assets.xcassets */; };
		AE91920F21E0DA1D00E1950D /* LaunchScreen.storyboard in Resources */ = {isa = PBXBuildFile; fileRef = AE91920D21E0DA1D00E1950D /* LaunchScreen.storyboard */; };
		BF7720CC0F9C814EA91F0C51 /* Pods_CineApp.framework in Frameworks */ = {isa = PBXBuildFile; fileRef = CEF5631B6DF6088AD50D5ADC /* Pods_CineApp.framework */; };
/* End PBXBuildFile section */

/* Begin PBXFileReference section */
		0BF1427DCDAA0833E8AE1357 /* Pods-CineApp.debug.xcconfig */ = {isa = PBXFileReference; includeInIndex = 1; lastKnownFileType = text.xcconfig; name = "Pods-CineApp.debug.xcconfig"; path = "Pods/Target Support Files/Pods-CineApp/Pods-CineApp.debug.xcconfig"; sourceTree = "<group>"; };
		89A622FA5C519772A5041F83 /* Pods-CineApp.release.xcconfig */ = {isa = PBXFileReference; includeInIndex = 1; lastKnownFileType = text.xcconfig; name = "Pods-CineApp.release.xcconfig"; path = "Pods/Target Support Files/Pods-CineApp/Pods-CineApp.release.xcconfig"; sourceTree = "<group>"; };
		AE91920121E0DA1B00E1950D /* CineApp.app */ = {isa = PBXFileReference; explicitFileType = wrapper.application; includeInIndex = 0; path = CineApp.app; sourceTree = BUILT_PRODUCTS_DIR; };
		AE91920421E0DA1B00E1950D /* AppDelegate.swift */ = {isa = PBXFileReference; lastKnownFileType = sourcecode.swift; path = AppDelegate.swift; sourceTree = "<group>"; };
		AE91920621E0DA1B00E1950D /* ViewController.swift */ = {isa = PBXFileReference; lastKnownFileType = sourcecode.swift; path = ViewController.swift; sourceTree = "<group>"; };
		AE91920921E0DA1B00E1950D /* Base */ = {isa = PBXFileReference; lastKnownFileType = file.storyboard; name = Base; path = Base.lproj/Main.storyboard; sourceTree = "<group>"; };
		AE91920B21E0DA1D00E1950D /* Assets.xcassets */ = {isa = PBXFileReference; lastKnownFileType = folder.assetcatalog; path = Assets.xcassets; sourceTree = "<group>"; };
		AE91920E21E0DA1D00E1950D /* Base */ = {isa = PBXFileReference; lastKnownFileType = file.storyboard; name = Base; path = Base.lproj/LaunchScreen.storyboard; sourceTree = "<group>"; };
		AE91921021E0DA1D00E1950D /* Info.plist */ = {isa = PBXFileReference; lastKnownFileType = text.plist.xml; path = Info.plist; sourceTree = "<group>"; };
		CEF5631B6DF6088AD50D5ADC /* Pods_CineApp.framework */ = {isa = PBXFileReference; explicitFileType = wrapper.framework; includeInIndex = 0; path = Pods_CineApp.framework; sourceTree = BUILT_PRODUCTS_DIR; };
/* End PBXFileReference section */

/* Begin PBXFrameworksBuildPhase section */
		AE9191FE21E0DA1B00E1950D /* Frameworks */ = {
			isa = PBXFrameworksBuildPhase;
			buildActionMask = 2147483647;
			files = (
				BF7720CC0F9C814EA91F0C51 /* Pods_CineApp.framework in Frameworks */,
			);
			runOnlyForDeploymentPostprocessing = 0;
		};
/* End PBXFrameworksBuildPhase section */

/* Begin PBXGroup section */
		1854694C5936693E4EE6905D /* Pods */ = {
			isa = PBXGroup;
			children = (
				0BF1427DCDAA0833E8AE1357 /* Pods-CineApp.debug.xcconfig */,
				89A622FA5C519772A5041F83 /* Pods-CineApp.release.xcconfig */,
			);
			name = Pods;
			sourceTree = "<group>";
		};
		AE9191F821E0DA1B00E1950D = {
			isa = PBXGroup;
			children = (
				AE91920321E0DA1B00E1950D /* CineApp */,
				AE91920221E0DA1B00E1950D /* Products */,
				1854694C5936693E4EE6905D /* Pods */,
				B9DDD5C0DF09AD8D12DF2E38 /* Frameworks */,
			);
			sourceTree = "<group>";
		};
		AE91920221E0DA1B00E1950D /* Products */ = {
			isa = PBXGroup;
			children = (
				AE91920121E0DA1B00E1950D /* CineApp.app */,
			);
			name = Products;
			sourceTree = "<group>";
		};
		AE91920321E0DA1B00E1950D /* CineApp */ = {
			isa = PBXGroup;
			children = (
				AE91920421E0DA1B00E1950D /* AppDelegate.swift */,
				AE91920621E0DA1B00E1950D /* ViewController.swift */,
				AE91920821E0DA1B00E1950D /* Main.storyboard */,
				AE91920B21E0DA1D00E1950D /* Assets.xcassets */,
				AE91920D21E0DA1D00E1950D /* LaunchScreen.storyboard */,
				AE91921021E0DA1D00E1950D /* Info.plist */,
			);
			path = CineApp;
			sourceTree = "<group>";
		};
		B9DDD5C0DF09AD8D12DF2E38 /* Frameworks */ = {
			isa = PBXGroup;
			children = (
				CEF5631B6DF6088AD50D5ADC /* Pods_CineApp.framework */,
			);
			name = Frameworks;
			sourceTree = "<group>";
		};
/* End PBXGroup section */

/* Begin PBXNativeTarget section */
		AE91920021E0DA1B00E1950D /* CineApp */ = {
			isa = PBXNativeTarget;
			buildConfigurationList = AE91921321E0DA1D00E1950D /* Build configuration list for PBXNativeTarget "CineApp" */;
			buildPhases = (
				D967C00A2D9FE668999526A1 /* [CP] Check Pods Manifest.lock */,
				AE9191FD21E0DA1B00E1950D /* Sources */,
				AE9191FE21E0DA1B00E1950D /* Frameworks */,
				AE9191FF21E0DA1B00E1950D /* Resources */,
				6EC4B52FF51B0099143263B1 /* [CP] Embed Pods Frameworks */,
			);
			buildRules = (
			);
			dependencies = (
			);
			name = CineApp;
			productName = CineApp;
			productReference = AE91920121E0DA1B00E1950D /* CineApp.app */;
			productType = "com.apple.product-type.application";
		};
/* End PBXNativeTarget section */

/* Begin PBXProject section */
		AE9191F921E0DA1B00E1950D /* Project object */ = {
			isa = PBXProject;
			attributes = {
				LastSwiftUpdateCheck = 1010;
				LastUpgradeCheck = 1010;
				ORGANIZATIONNAME = GSMenezes;
				TargetAttributes = {
					AE91920021E0DA1B00E1950D = {
						CreatedOnToolsVersion = 10.1;
					};
				};
			};
			buildConfigurationList = AE9191FC21E0DA1B00E1950D /* Build configuration list for PBXProject "CineApp" */;
			compatibilityVersion = "Xcode 9.3";
			developmentRegion = en;
			hasScannedForEncodings = 0;
			knownRegions = (
				en,
				Base,
			);
			mainGroup = AE9191F821E0DA1B00E1950D;
			productRefGroup = AE91920221E0DA1B00E1950D /* Products */;
			projectDirPath = "";
			projectRoot = "";
			targets = (
				AE91920021E0DA1B00E1950D /* CineApp */,
			);
		};
/* End PBXProject section */

/* Begin PBXResourcesBuildPhase section */
		AE9191FF21E0DA1B00E1950D /* Resources */ = {
			isa = PBXResourcesBuildPhase;
			buildActionMask = 2147483647;
			files = (
				AE91920F21E0DA1D00E1950D /* LaunchScreen.storyboard in Resources */,
				AE91920C21E0DA1D00E1950D /* Assets.xcassets in Resources */,
				AE91920A21E0DA1B00E1950D /* Main.storyboard in Resources */,
			);
			runOnlyForDeploymentPostprocessing = 0;
		};
/* End PBXResourcesBuildPhase section */

/* Begin PBXShellScriptBuildPhase section */
		6EC4B52FF51B0099143263B1 /* [CP] Embed Pods Frameworks */ = {
			isa = PBXShellScriptBuildPhase;
			buildActionMask = 2147483647;
			files = (
			);
			inputPaths = (
				"${SRCROOT}/Pods/Target Support Files/Pods-CineApp/Pods-CineApp-frameworks.sh",
				"${BUILT_PRODUCTS_DIR}/Alamofire/Alamofire.framework",
				"${BUILT_PRODUCTS_DIR}/Moya/Moya.framework",
				"${BUILT_PRODUCTS_DIR}/Result/Result.framework",
				"${BUILT_PRODUCTS_DIR}/RxAtomic/RxAtomic.framework",
				"${BUILT_PRODUCTS_DIR}/RxSwift/RxSwift.framework",
			);
			name = "[CP] Embed Pods Frameworks";
			outputPaths = (
				"${TARGET_BUILD_DIR}/${FRAMEWORKS_FOLDER_PATH}/Alamofire.framework",
				"${TARGET_BUILD_DIR}/${FRAMEWORKS_FOLDER_PATH}/Moya.framework",
				"${TARGET_BUILD_DIR}/${FRAMEWORKS_FOLDER_PATH}/Result.framework",
				"${TARGET_BUILD_DIR}/${FRAMEWORKS_FOLDER_PATH}/RxAtomic.framework",
				"${TARGET_BUILD_DIR}/${FRAMEWORKS_FOLDER_PATH}/RxSwift.framework",
			);
			runOnlyForDeploymentPostprocessing = 0;
			shellPath = /bin/sh;
			shellScript = "\"${SRCROOT}/Pods/Target Support Files/Pods-CineApp/Pods-CineApp-frameworks.sh\"\n";
			showEnvVarsInLog = 0;
		};
		D967C00A2D9FE668999526A1 /* [CP] Check Pods Manifest.lock */ = {
			isa = PBXShellScriptBuildPhase;
			buildActionMask = 2147483647;
			files = (
			);
			inputPaths = (
				"${PODS_PODFILE_DIR_PATH}/Podfile.lock",
				"${PODS_ROOT}/Manifest.lock",
			);
			name = "[CP] Check Pods Manifest.lock";
			outputPaths = (
				"$(DERIVED_FILE_DIR)/Pods-CineApp-checkManifestLockResult.txt",
			);
			runOnlyForDeploymentPostprocessing = 0;
			shellPath = /bin/sh;
			shellScript = "diff \"${PODS_PODFILE_DIR_PATH}/Podfile.lock\" \"${PODS_ROOT}/Manifest.lock\" > /dev/null\nif [ $? != 0 ] ; then\n    # print error to STDERR\n    echo \"error: The sandbox is not in sync with the Podfile.lock. Run 'pod install' or update your CocoaPods installation.\" >&2\n    exit 1\nfi\n# This output is used by Xcode 'outputs' to avoid re-running this script phase.\necho \"SUCCESS\" > \"${SCRIPT_OUTPUT_FILE_0}\"\n";
			showEnvVarsInLog = 0;
		};
/* End PBXShellScriptBuildPhase section */

/* Begin PBXSourcesBuildPhase section */
		AE9191FD21E0DA1B00E1950D /* Sources */ = {
			isa = PBXSourcesBuildPhase;
			buildActionMask = 2147483647;
			files = (
				AE91920721E0DA1B00E1950D /* ViewController.swift in Sources */,
				AE91920521E0DA1B00E1950D /* AppDelegate.swift in Sources */,
			);
			runOnlyForDeploymentPostprocessing = 0;
		};
/* End PBXSourcesBuildPhase section */

/* Begin PBXVariantGroup section */
		AE91920821E0DA1B00E1950D /* Main.storyboard */ = {
			isa = PBXVariantGroup;
			children = (
				AE91920921E0DA1B00E1950D /* Base */,
			);
			name = Main.storyboard;
			sourceTree = "<group>";
		};
		AE91920D21E0DA1D00E1950D /* LaunchScreen.storyboard */ = {
			isa = PBXVariantGroup;
			children = (
				AE91920E21E0DA1D00E1950D /* Base */,
			);
			name = LaunchScreen.storyboard;
			sourceTree = "<group>";
		};
/* End PBXVariantGroup section */

/* Begin XCBuildConfiguration section */
		AE91921121E0DA1D00E1950D /* Debug */ = {
			isa = XCBuildConfiguration;
			buildSettings = {
				ALWAYS_SEARCH_USER_PATHS = NO;
				CLANG_ANALYZER_NONNULL = YES;
				CLANG_ANALYZER_NUMBER_OBJECT_CONVERSION = YES_AGGRESSIVE;
				CLANG_CXX_LANGUAGE_STANDARD = "gnu++14";
				CLANG_CXX_LIBRARY = "libc++";
				CLANG_ENABLE_MODULES = YES;
				CLANG_ENABLE_OBJC_ARC = YES;
				CLANG_ENABLE_OBJC_WEAK = YES;
				CLANG_WARN_BLOCK_CAPTURE_AUTORELEASING = YES;
				CLANG_WARN_BOOL_CONVERSION = YES;
				CLANG_WARN_COMMA = YES;
				CLANG_WARN_CONSTANT_CONVERSION = YES;
				CLANG_WARN_DEPRECATED_OBJC_IMPLEMENTATIONS = YES;
				CLANG_WARN_DIRECT_OBJC_ISA_USAGE = YES_ERROR;
				CLANG_WARN_DOCUMENTATION_COMMENTS = YES;
				CLANG_WARN_EMPTY_BODY = YES;
				CLANG_WARN_ENUM_CONVERSION = YES;
				CLANG_WARN_INFINITE_RECURSION = YES;
				CLANG_WARN_INT_CONVERSION = YES;
				CLANG_WARN_NON_LITERAL_NULL_CONVERSION = YES;
				CLANG_WARN_OBJC_IMPLICIT_RETAIN_SELF = YES;
				CLANG_WARN_OBJC_LITERAL_CONVERSION = YES;
				CLANG_WARN_OBJC_ROOT_CLASS = YES_ERROR;
				CLANG_WARN_RANGE_LOOP_ANALYSIS = YES;
				CLANG_WARN_STRICT_PROTOTYPES = YES;
				CLANG_WARN_SUSPICIOUS_MOVE = YES;
				CLANG_WARN_UNGUARDED_AVAILABILITY = YES_AGGRESSIVE;
				CLANG_WARN_UNREACHABLE_CODE = YES;
				CLANG_WARN__DUPLICATE_METHOD_MATCH = YES;
				CODE_SIGN_IDENTITY = "iPhone Developer";
				COPY_PHASE_STRIP = NO;
				DEBUG_INFORMATION_FORMAT = dwarf;
				ENABLE_STRICT_OBJC_MSGSEND = YES;
				ENABLE_TESTABILITY = YES;
				GCC_C_LANGUAGE_STANDARD = gnu11;
				GCC_DYNAMIC_NO_PIC = NO;
				GCC_NO_COMMON_BLOCKS = YES;
				GCC_OPTIMIZATION_LEVEL = 0;
				GCC_PREPROCESSOR_DEFINITIONS = (
					"DEBUG=1",
					"$(inherited)",
				);
				GCC_WARN_64_TO_32_BIT_CONVERSION = YES;
				GCC_WARN_ABOUT_RETURN_TYPE = YES_ERROR;
				GCC_WARN_UNDECLARED_SELECTOR = YES;
				GCC_WARN_UNINITIALIZED_AUTOS = YES_AGGRESSIVE;
				GCC_WARN_UNUSED_FUNCTION = YES;
				GCC_WARN_UNUSED_VARIABLE = YES;
				IPHONEOS_DEPLOYMENT_TARGET = 12.1;
				MTL_ENABLE_DEBUG_INFO = INCLUDE_SOURCE;
				MTL_FAST_MATH = YES;
				ONLY_ACTIVE_ARCH = YES;
				SDKROOT = iphoneos;
				SWIFT_ACTIVE_COMPILATION_CONDITIONS = DEBUG;
				SWIFT_OPTIMIZATION_LEVEL = "-Onone";
			};
			name = Debug;
		};
		AE91921221E0DA1D00E1950D /* Release */ = {
			isa = XCBuildConfiguration;
			buildSettings = {
				ALWAYS_SEARCH_USER_PATHS = NO;
				CLANG_ANALYZER_NONNULL = YES;
				CLANG_ANALYZER_NUMBER_OBJECT_CONVERSION = YES_AGGRESSIVE;
				CLANG_CXX_LANGUAGE_STANDARD = "gnu++14";
				CLANG_CXX_LIBRARY = "libc++";
				CLANG_ENABLE_MODULES = YES;
				CLANG_ENABLE_OBJC_ARC = YES;
				CLANG_ENABLE_OBJC_WEAK = YES;
				CLANG_WARN_BLOCK_CAPTURE_AUTORELEASING = YES;
				CLANG_WARN_BOOL_CONVERSION = YES;
				CLANG_WARN_COMMA = YES;
				CLANG_WARN_CONSTANT_CONVERSION = YES;
				CLANG_WARN_DEPRECATED_OBJC_IMPLEMENTATIONS = YES;
				CLANG_WARN_DIRECT_OBJC_ISA_USAGE = YES_ERROR;
				CLANG_WARN_DOCUMENTATION_COMMENTS = YES;
				CLANG_WARN_EMPTY_BODY = YES;
				CLANG_WARN_ENUM_CONVERSION = YES;
				CLANG_WARN_INFINITE_RECURSION = YES;
				CLANG_WARN_INT_CONVERSION = YES;
				CLANG_WARN_NON_LITERAL_NULL_CONVERSION = YES;
				CLANG_WARN_OBJC_IMPLICIT_RETAIN_SELF = YES;
				CLANG_WARN_OBJC_LITERAL_CONVERSION = YES;
				CLANG_WARN_OBJC_ROOT_CLASS = YES_ERROR;
				CLANG_WARN_RANGE_LOOP_ANALYSIS = YES;
				CLANG_WARN_STRICT_PROTOTYPES = YES;
				CLANG_WARN_SUSPICIOUS_MOVE = YES;
				CLANG_WARN_UNGUARDED_AVAILABILITY = YES_AGGRESSIVE;
				CLANG_WARN_UNREACHABLE_CODE = YES;
				CLANG_WARN__DUPLICATE_METHOD_MATCH = YES;
				CODE_SIGN_IDENTITY = "iPhone Developer";
				COPY_PHASE_STRIP = NO;
				DEBUG_INFORMATION_FORMAT = "dwarf-with-dsym";
				ENABLE_NS_ASSERTIONS = NO;
				ENABLE_STRICT_OBJC_MSGSEND = YES;
				GCC_C_LANGUAGE_STANDARD = gnu11;
				GCC_NO_COMMON_BLOCKS = YES;
				GCC_WARN_64_TO_32_BIT_CONVERSION = YES;
				GCC_WARN_ABOUT_RETURN_TYPE = YES_ERROR;
				GCC_WARN_UNDECLARED_SELECTOR = YES;
				GCC_WARN_UNINITIALIZED_AUTOS = YES_AGGRESSIVE;
				GCC_WARN_UNUSED_FUNCTION = YES;
				GCC_WARN_UNUSED_VARIABLE = YES;
				IPHONEOS_DEPLOYMENT_TARGET = 12.1;
				MTL_ENABLE_DEBUG_INFO = NO;
				MTL_FAST_MATH = YES;
				SDKROOT = iphoneos;
				SWIFT_COMPILATION_MODE = wholemodule;
				SWIFT_OPTIMIZATION_LEVEL = "-O";
				VALIDATE_PRODUCT = YES;
			};
			name = Release;
		};
		AE91921421E0DA1D00E1950D /* Debug */ = {
			isa = XCBuildConfiguration;
			baseConfigurationReference = 0BF1427DCDAA0833E8AE1357 /* Pods-CineApp.debug.xcconfig */;
			buildSettings = {
				ASSETCATALOG_COMPILER_APPICON_NAME = AppIcon;
				CODE_SIGN_STYLE = Automatic;
				DEVELOPMENT_TEAM = N79DHHMYVL;
				INFOPLIST_FILE = CineApp/Info.plist;
				LD_RUNPATH_SEARCH_PATHS = (
					"$(inherited)",
					"@executable_path/Frameworks",
				);
				PRODUCT_BUNDLE_IDENTIFIER = com.gsmenezes.CineApp;
				PRODUCT_NAME = "$(TARGET_NAME)";
				SWIFT_VERSION = 4.2;
				TARGETED_DEVICE_FAMILY = "1,2";
			};
			name = Debug;
		};
		AE91921521E0DA1D00E1950D /* Release */ = {
			isa = XCBuildConfiguration;
			baseConfigurationReference = 89A622FA5C519772A5041F83 /* Pods-CineApp.release.xcconfig */;
			buildSettings = {
				ASSETCATALOG_COMPILER_APPICON_NAME = AppIcon;
				CODE_SIGN_STYLE = Automatic;
				DEVELOPMENT_TEAM = N79DHHMYVL;
				INFOPLIST_FILE = CineApp/Info.plist;
				LD_RUNPATH_SEARCH_PATHS = (
					"$(inherited)",
					"@executable_path/Frameworks",
				);
				PRODUCT_BUNDLE_IDENTIFIER = com.gsmenezes.CineApp;
				PRODUCT_NAME = "$(TARGET_NAME)";
				SWIFT_VERSION = 4.2;
				TARGETED_DEVICE_FAMILY = "1,2";
			};
			name = Release;
		};
/* End XCBuildConfiguration section */

/* Begin XCConfigurationList section */
		AE9191FC21E0DA1B00E1950D /* Build configuration list for PBXProject "CineApp" */ = {
			isa = XCConfigurationList;
			buildConfigurations = (
				AE91921121E0DA1D00E1950D /* Debug */,
				AE91921221E0DA1D00E1950D /* Release */,
			);
			defaultConfigurationIsVisible = 0;
			defaultConfigurationName = Release;
		};
		AE91921321E0DA1D00E1950D /* Build configuration list for PBXNativeTarget "CineApp" */ = {
			isa = XCConfigurationList;
			buildConfigurations = (
				AE91921421E0DA1D00E1950D /* Debug */,
				AE91921521E0DA1D00E1950D /* Release */,
			);
			defaultConfigurationIsVisible = 0;
			defaultConfigurationName = Release;
		};
/* End XCConfigurationList section */
	};
	rootObject = AE9191F921E0DA1B00E1950D /* Project object */;
}
